
Microsoft Visual Studio Solution File, Format Version 12.00
# Visual Studio Version 17
VisualStudioVersion = 17.8.34511.84
MinimumVisualStudioVersion = 10.0.40219.1
Project("{FAE04EC0-301F-11D3-BF4B-00C04F79EFBC}") = "SampleApplication", "SampleApplication\SampleApplication.csproj", "{7871C629-BD0D-4646-A3DC-B93EFC4C7CC2}"
EndProject
Global
	GlobalSection(SolutionConfigurationPlatforms) = preSolution
		Debug|Any CPU = Debug|Any CPU
		Release|Any CPU = Release|Any CPU
	EndGlobalSection
	GlobalSection(ProjectConfigurationPlatforms) = postSolution
		{7871C629-BD0D-4646-A3DC-B93EFC4C7CC2}.Debug|Any CPU.ActiveCfg = Debug|Any CPU
		{7871C629-BD0D-4646-A3DC-B93EFC4C7CC2}.Debug|Any CPU.Build.0 = Debug|Any CPU
		{7871C629-BD0D-4646-A3DC-B93EFC4C7CC2}.Release|Any CPU.ActiveCfg = Release|Any CPU
		{7871C629-BD0D-4646-A3DC-B93EFC4C7CC2}.Release|Any CPU.Build.0 = Release|Any CPU
	EndGlobalSection
	GlobalSection(SolutionProperties) = preSolution
		HideSolutionNode = FALSE
	EndGlobalSection
	GlobalSection(ExtensibilityGlobals) = postSolution
		SolutionGuid = {9E1D10DB-E707-4BCD-B9C3-2A0A1F173031}
	EndGlobalSection
EndGlobal
